github.com/dave/jennifer v0.0.0-20171004025221-97587ff16f68 h1:kO0EmtIiU1BiIMqtO41nHJL/0MPBBPz3PUOy/dWw3aM=
github.com/dave/jennifer v0.0.0-20171004025221-97587ff16f68/go.mod h1:fIb+770HOpJ2fmN9EPPKOqm1vMGhB+TwXKMZhrIygKg=
github.com/jteeuwen/go-bindata v0.0.0-20151023091102-a0ff2567cfb7/go.mod h1:JVvhzYOiGBnFSYRyV00iY8q7/0PThjIYav1p9h5dmKs=
github.com/serenize/snaker v0.0.0-20171002133257-c7a77c38c398 h1:BbvM3zbEZXBScbJawRAPLkmc44D1KUi/zR5NIBPOWMI=
github.com/serenize/snaker v0.0.0-20171002133257-c7a77c38c398/go.mod h1:Yow6lPLSAXx2ifx470yD/nUe22Dv5vBvxK/UK9UUTVs=
github.com/xeipuuv/gojsonpointer v0.0.0-20170225233418-6fe8760cad35 h1:0TnXeVP6mx+A4CBf8cQVkQfkhyGBQCmJcT4g6zKzm7M=
github.com/xeipuuv/gojsonpointer v0.0.0-20170225233418-6fe8760cad35/go.mod h1:N2zxlSyiKSe5eX1tZViRH5QA0qijqEDrYZiPEAiq3wU=
github.com/xeipuuv/gojsonreference v0.0.0-20150808065054-e02fc20de94c h1:XZWnr3bsDQWAZg4Ne+cPoXRPILrNlPNQfxBuwLl43is=
github.com/xeipuuv/gojsonreference v0.0.0-20150808065054-e02fc20de94c/go.mod h1:GwrjFmJcFw6At/Gs6z4yjiIwzuJ1/+UwLxMQDVQXShQ=
github.com/xeipuuv/gojsonschema v0.0.0-20171025060643-212d8a0df7ac h1:4VBKAdTNqxLs00+bB+9Lnosfg6keGxPEXZ28e7hZV3A=
github.com/xeipuuv/gojsonschema v0.0.0-20171025060643-212d8a0df7ac/go.mod h1:5yf86TLmAcydyeJq5YvxkGPE2fm/u4myDekKRoLuqhs=
gopkg.in/yaml.v2 v2.0.0-20170812160011-eb3733d160e7 h1:+t9dhfO+GNOIGJof6kPOAenx7YgrZMTdRPV+EsnPabk=
gopkg.in/yaml.v2 v2.0.0-20170812160011-eb3733d160e7/go.mod h1:JAlM8MvJe8wmxCU4Bli9HhUf9+ttbYbLASfIpnQbh74=
